
Microsoft Visual Studio Solution File, Format Version 12.00
# Visual Studio 15
VisualStudioVersion = 15.0.28307.1340
MinimumVisualStudioVersion = 10.0.40219.1
Project("{FAE04EC0-301F-11D3-BF4B-00C04F79EFBC}") = "Fondamenatux", "Fondamenatux\Fondamenatux.csproj", "{1F27B9B6-1C93-45A4-99AF-F599A8D70E89}"
EndProject
Project("{FAE04EC0-301F-11D3-BF4B-00C04F79EFBC}") = "GestionEtudiant", "GestionEtudiant\GestionEtudiant.csproj", "{2D30D44B-E8BA-4CAA-B3F3-5BAC2A49A1D8}"
EndProject
Global
	GlobalSection(SolutionConfigurationPlatforms) = preSolution
		Debug|Any CPU = Debug|Any CPU
		Release|Any CPU = Release|Any CPU
	EndGlobalSection
	GlobalSection(ProjectConfigurationPlatforms) = postSolution
		{1F27B9B6-1C93-45A4-99AF-F599A8D70E89}.Debug|Any CPU.ActiveCfg = Debug|Any CPU
		{1F27B9B6-1C93-45A4-99AF-F599A8D70E89}.Debug|Any CPU.Build.0 = Debug|Any CPU
		{1F27B9B6-1C93-45A4-99AF-F599A8D70E89}.Release|Any CPU.ActiveCfg = Release|Any CPU
		{1F27B9B6-1C93-45A4-99AF-F599A8D70E89}.Release|Any CPU.Build.0 = Release|Any CPU
		{2D30D44B-E8BA-4CAA-B3F3-5BAC2A49A1D8}.Debug|Any CPU.ActiveCfg = Debug|Any CPU
		{2D30D44B-E8BA-4CAA-B3F3-5BAC2A49A1D8}.Debug|Any CPU.Build.0 = Debug|Any CPU
		{2D30D44B-E8BA-4CAA-B3F3-5BAC2A49A1D8}.Release|Any CPU.ActiveCfg = Release|Any CPU
		{2D30D44B-E8BA-4CAA-B3F3-5BAC2A49A1D8}.Release|Any CPU.Build.0 = Release|Any CPU
	EndGlobalSection
	GlobalSection(SolutionProperties) = preSolution
		HideSolutionNode = FALSE
	EndGlobalSection
	GlobalSection(ExtensibilityGlobals) = postSolution
		SolutionGuid = {07A293FA-0E53-40AB-A272-34BA9E72C354}
	EndGlobalSection
EndGlobal
